
Microsoft Visual Studio Solution File, Format Version 12.00
# Visual Studio Version 17
VisualStudioVersion = 17.14.36414.22
MinimumVisualStudioVersion = 10.0.40219.1
Project("{2150E333-8FDC-42A3-9474-1A3956D46DE8}") = "Api", "Api", "{02EA681E-C7D8-13C7-8484-4AC65E1B71E8}"
EndProject
Project("{2150E333-8FDC-42A3-9474-1A3956D46DE8}") = "Application", "Application", "{1A309F7A-7FD4-4E55-9470-76D01D6688FA}"
EndProject
Project("{2150E333-8FDC-42A3-9474-1A3956D46DE8}") = "Domain", "Domain", "{8156D1A7-009D-41C7-A580-BA14A2A23C75}"
EndProject
Project("{2150E333-8FDC-42A3-9474-1A3956D46DE8}") = "Infrastructure", "Infrastructure", "{A4F7923D-A0F4-4488-94FC-941D4C39D44F}"
EndProject
Project("{2150E333-8FDC-42A3-9474-1A3956D46DE8}") = "Persistence", "Persistence", "{B74C19DD-EEE3-4C6A-A8A1-5D4504C7D116}"
EndProject
Project("{2150E333-8FDC-42A3-9474-1A3956D46DE8}") = "IOC", "IOC", "{375EE975-2EE9-47D1-A620-7F06D0EB4FC2}"
EndProject
Project("{2150E333-8FDC-42A3-9474-1A3956D46DE8}") = "Web", "Web", "{F211E1D2-E121-4214-8891-973EA396FCA6}"
EndProject
Project("{2150E333-8FDC-42A3-9474-1A3956D46DE8}") = "Test", "Test", "{47F721F8-5754-4614-B4E7-557AD85E52D9}"
EndProject
Project("{FAE04EC0-301F-11D3-BF4B-00C04F79EFBC}") = "SIGEBI.Api", "SIGEBI.Api\SIGEBI.Api.csproj", "{D21CBDFE-2F1F-41B1-A71B-73340E5DFD5C}"
EndProject
Project("{FAE04EC0-301F-11D3-BF4B-00C04F79EFBC}") = "SIGEBI.Application", "SIGEBI.Application\SIGEBI.Application.csproj", "{3E4275BA-D026-495B-B850-8D58CDB44E5C}"
EndProject
Project("{FAE04EC0-301F-11D3-BF4B-00C04F79EFBC}") = "SIGEBI.Domain", "SIGEBI.Domain\SIGEBI.Domain.csproj", "{98CE989C-A402-4B0D-B199-1F5EACF448C3}"
EndProject
Project("{FAE04EC0-301F-11D3-BF4B-00C04F79EFBC}") = "SIGEBI.Infrastructure", "SIGEBI.Infrastructure\SIGEBI.Infrastructure.csproj", "{22FFA348-A0A2-4716-AAE7-0A5EEA5B3B19}"
EndProject
Project("{FAE04EC0-301F-11D3-BF4B-00C04F79EFBC}") = "SIGEBI.IOC", "SIGEBI.IOC\SIGEBI.IOC.csproj", "{C19274B2-5EB2-4FB6-8142-67AAEBFB6817}"
EndProject
Project("{FAE04EC0-301F-11D3-BF4B-00C04F79EFBC}") = "SIGEBI.Persistence", "SIGEBI.Persistence\SIGEBI.Persistence.csproj", "{96E8289C-B196-4B55-A824-E0F0C6B2100F}"
EndProject
Project("{FAE04EC0-301F-11D3-BF4B-00C04F79EFBC}") = "SIGEBI.Test", "SIGEBI.Test\SIGEBI.Test.csproj", "{1C0DAB3B-9C70-44BE-BA4B-3C04D33656B7}"
EndProject
Project("{FAE04EC0-301F-11D3-BF4B-00C04F79EFBC}") = "SIGEBI.Web", "SIGEBI.Web\SIGEBI.Web.csproj", "{A02F6F99-A7A0-4D3B-AC8F-E58706FF4D02}"
EndProject
Global
	GlobalSection(SolutionConfigurationPlatforms) = preSolution
		Debug|Any CPU = Debug|Any CPU
		Release|Any CPU = Release|Any CPU
	EndGlobalSection
	GlobalSection(ProjectConfigurationPlatforms) = postSolution
		{D21CBDFE-2F1F-41B1-A71B-73340E5DFD5C}.Debug|Any CPU.ActiveCfg = Debug|Any CPU
		{D21CBDFE-2F1F-41B1-A71B-73340E5DFD5C}.Debug|Any CPU.Build.0 = Debug|Any CPU
		{D21CBDFE-2F1F-41B1-A71B-73340E5DFD5C}.Release|Any CPU.ActiveCfg = Release|Any CPU
		{D21CBDFE-2F1F-41B1-A71B-73340E5DFD5C}.Release|Any CPU.Build.0 = Release|Any CPU
		{3E4275BA-D026-495B-B850-8D58CDB44E5C}.Debug|Any CPU.ActiveCfg = Debug|Any CPU
		{3E4275BA-D026-495B-B850-8D58CDB44E5C}.Debug|Any CPU.Build.0 = Debug|Any CPU
		{3E4275BA-D026-495B-B850-8D58CDB44E5C}.Release|Any CPU.ActiveCfg = Release|Any CPU
		{3E4275BA-D026-495B-B850-8D58CDB44E5C}.Release|Any CPU.Build.0 = Release|Any CPU
		{98CE989C-A402-4B0D-B199-1F5EACF448C3}.Debug|Any CPU.ActiveCfg = Debug|Any CPU
		{98CE989C-A402-4B0D-B199-1F5EACF448C3}.Debug|Any CPU.Build.0 = Debug|Any CPU
		{98CE989C-A402-4B0D-B199-1F5EACF448C3}.Release|Any CPU.ActiveCfg = Release|Any CPU
		{98CE989C-A402-4B0D-B199-1F5EACF448C3}.Release|Any CPU.Build.0 = Release|Any CPU
		{22FFA348-A0A2-4716-AAE7-0A5EEA5B3B19}.Debug|Any CPU.ActiveCfg = Debug|Any CPU
		{22FFA348-A0A2-4716-AAE7-0A5EEA5B3B19}.Debug|Any CPU.Build.0 = Debug|Any CPU
		{22FFA348-A0A2-4716-AAE7-0A5EEA5B3B19}.Release|Any CPU.ActiveCfg = Release|Any CPU
		{22FFA348-A0A2-4716-AAE7-0A5EEA5B3B19}.Release|Any CPU.Build.0 = Release|Any CPU
		{C19274B2-5EB2-4FB6-8142-67AAEBFB6817}.Debug|Any CPU.ActiveCfg = Debug|Any CPU
		{C19274B2-5EB2-4FB6-8142-67AAEBFB6817}.Debug|Any CPU.Build.0 = Debug|Any CPU
		{C19274B2-5EB2-4FB6-8142-67AAEBFB6817}.Release|Any CPU.ActiveCfg = Release|Any CPU
		{C19274B2-5EB2-4FB6-8142-67AAEBFB6817}.Release|Any CPU.Build.0 = Release|Any CPU
		{96E8289C-B196-4B55-A824-E0F0C6B2100F}.Debug|Any CPU.ActiveCfg = Debug|Any CPU
		{96E8289C-B196-4B55-A824-E0F0C6B2100F}.Debug|Any CPU.Build.0 = Debug|Any CPU
		{96E8289C-B196-4B55-A824-E0F0C6B2100F}.Release|Any CPU.ActiveCfg = Release|Any CPU
		{96E8289C-B196-4B55-A824-E0F0C6B2100F}.Release|Any CPU.Build.0 = Release|Any CPU
		{1C0DAB3B-9C70-44BE-BA4B-3C04D33656B7}.Debug|Any CPU.ActiveCfg = Debug|Any CPU
		{1C0DAB3B-9C70-44BE-BA4B-3C04D33656B7}.Debug|Any CPU.Build.0 = Debug|Any CPU
		{1C0DAB3B-9C70-44BE-BA4B-3C04D33656B7}.Release|Any CPU.ActiveCfg = Release|Any CPU
		{1C0DAB3B-9C70-44BE-BA4B-3C04D33656B7}.Release|Any CPU.Build.0 = Release|Any CPU
		{A02F6F99-A7A0-4D3B-AC8F-E58706FF4D02}.Debug|Any CPU.ActiveCfg = Debug|Any CPU
		{A02F6F99-A7A0-4D3B-AC8F-E58706FF4D02}.Debug|Any CPU.Build.0 = Debug|Any CPU
		{A02F6F99-A7A0-4D3B-AC8F-E58706FF4D02}.Release|Any CPU.ActiveCfg = Release|Any CPU
		{A02F6F99-A7A0-4D3B-AC8F-E58706FF4D02}.Release|Any CPU.Build.0 = Release|Any CPU
	EndGlobalSection
	GlobalSection(SolutionProperties) = preSolution
		HideSolutionNode = FALSE
	EndGlobalSection
	GlobalSection(NestedProjects) = preSolution
		{D21CBDFE-2F1F-41B1-A71B-73340E5DFD5C} = {02EA681E-C7D8-13C7-8484-4AC65E1B71E8}
		{3E4275BA-D026-495B-B850-8D58CDB44E5C} = {1A309F7A-7FD4-4E55-9470-76D01D6688FA}
		{98CE989C-A402-4B0D-B199-1F5EACF448C3} = {8156D1A7-009D-41C7-A580-BA14A2A23C75}
		{22FFA348-A0A2-4716-AAE7-0A5EEA5B3B19} = {A4F7923D-A0F4-4488-94FC-941D4C39D44F}
		{C19274B2-5EB2-4FB6-8142-67AAEBFB6817} = {375EE975-2EE9-47D1-A620-7F06D0EB4FC2}
		{96E8289C-B196-4B55-A824-E0F0C6B2100F} = {B74C19DD-EEE3-4C6A-A8A1-5D4504C7D116}
		{1C0DAB3B-9C70-44BE-BA4B-3C04D33656B7} = {47F721F8-5754-4614-B4E7-557AD85E52D9}
		{A02F6F99-A7A0-4D3B-AC8F-E58706FF4D02} = {F211E1D2-E121-4214-8891-973EA396FCA6}
	EndGlobalSection
	GlobalSection(ExtensibilityGlobals) = postSolution
		SolutionGuid = {5CAB8B71-EB9B-4FC3-8A91-66E0637B95E8}
	EndGlobalSection
EndGlobal
